
	archiveVersion = 1;
	classes = {
	};
	objectVersion = 56;
	objects = {

		BF2F5A2465A4487E99992AAD /* AppDelegate.swift in Sources/Resources */ = {isa = PBXBuildFile; fileRef = 1B64DF0D89FF4CB7BAC3C048 /* BubbleTeaTycoon/AppDelegate.swift */; };
		EF47F1F0A9FA474FA164A48D /* ViewController.swift in Sources/Resources */ = {isa = PBXBuildFile; fileRef = 4B924486AEFF4E1F97B97AED /* BubbleTeaTycoon/ViewController.swift */; };
		2D7AEA688B5C47DE849E6CC5 /* Resources in Sources/Resources */ = {isa = PBXBuildFile; fileRef = 9BFE654EEE77416E80E00A53 /* BubbleTeaTycoon/Resources */; };
		D0384EEA7BA743EBA57A83A5 /* Assets.xcassets in Sources/Resources */ = {isa = PBXBuildFile; fileRef = 3C30AAA4120C4A6A8CD52912 /* BubbleTeaTycoon/Assets.xcassets */; };
		1B64DF0D89FF4CB7BAC3C048 /* AppDelegate.swift */ = {isa = PBXFileReference; lastKnownFileType = sourcecode.swift; path = "AppDelegate.swift"; sourceTree = "<group>"; };
		4B924486AEFF4E1F97B97AED /* ViewController.swift */ = {isa = PBXFileReference; lastKnownFileType = sourcecode.swift; path = "ViewController.swift"; sourceTree = "<group>"; };
		7EB78BD4CAEC471EAFB7F270 /* Info.plist */ = {isa = PBXFileReference; lastKnownFileType = text.plist.xml; path = "Info.plist"; sourceTree = "<group>"; };
		3C30AAA4120C4A6A8CD52912 /* Assets.xcassets */ = {isa = PBXFileReference; lastKnownFileType = folder.assetcatalog; path = "Assets.xcassets"; sourceTree = "<group>"; };
		9BFE654EEE77416E80E00A53 /* Resources */ = {isa = PBXFileReference; lastKnownFileType = folder; path = "Resources"; sourceTree = "<group>"; };
		E887493019E24B71AF2C4694 /* BubbleTeaTycoon.app */ = {isa = PBXFileReference; lastKnownFileType = wrapper.application; path = "BubbleTeaTycoon.app"; sourceTree = "BUILT_PRODUCTS_DIR"; };
		B4C1E924BE4542248F644586 /* Frameworks */ = {
			isa = PBXFrameworksBuildPhase;
			buildActionMask = 2147483647;
			files = (
			);
			runOnlyForDeploymentPostprocessing = 0;
		};
		0EA34924DCF04D94809E1892 = {
			isa = PBXGroup;
			children = (
				747B1742F5EE45348AA1799E /* BubbleTeaTycoon */,
				7217D33B02454E78A6EBE995 /* Products */,
				55F1D6C948AC46AB9D01E89F /* Frameworks */,
			);
			sourceTree = "<group>";
		};
		747B1742F5EE45348AA1799E /* BubbleTeaTycoon */ = {
			isa = PBXGroup;
			children = (
				1B64DF0D89FF4CB7BAC3C048 /* AppDelegate.swift */,
				4B924486AEFF4E1F97B97AED /* ViewController.swift */,
				7EB78BD4CAEC471EAFB7F270 /* Info.plist */,
				3C30AAA4120C4A6A8CD52912 /* Assets.xcassets */,
				9BFE654EEE77416E80E00A53 /* Resources */,
			);
			path = "BubbleTeaTycoon";
			sourceTree = "<group>";
		};
		7217D33B02454E78A6EBE995 /* Products */ = {
			isa = PBXGroup;
			children = (
				E887493019E24B71AF2C4694 /* BubbleTeaTycoon.app */,
			);
			name = Products;
			sourceTree = "<group>";
		};
		55F1D6C948AC46AB9D01E89F /* Frameworks */ = {
			isa = PBXGroup;
			children = (
			);
			name = Frameworks;
			sourceTree = "<group>";
		};
		B53361C87E3F497091709A46 /* BubbleTeaTycoon */ = {
			isa = PBXNativeTarget;
			buildConfigurationList = AC8D274D691A4815B1D57D6F /* Build configuration list for PBXNativeTarget "BubbleTeaTycoon" */;
			buildPhases = (
				48E52A77E76C4D86B12F905F /* Sources */,
				B4C1E924BE4542248F644586 /* Frameworks */,
				210B9EE9E4AC41C98DFE6874 /* Resources */,
			);
			buildRules = (
			);
			dependencies = (
			);
			name = "BubbleTeaTycoon";
			productName = "BubbleTeaTycoon";
			productReference = E887493019E24B71AF2C4694 /* BubbleTeaTycoon.app */;
			productType = "com.apple.product-type.application";
		};
		6F651D07F2944185B9E6A03F /* Project object */ = {
			isa = PBXProject;
			attributes = {
				BuildIndependentTargetsInParallel = YES;
				LastSwiftUpdateCheck = 1500;
				LastUpgradeCheck = 1500;
				TargetAttributes = {
					B53361C87E3F497091709A46 = {
						CreatedOnToolsVersion = 15.0;
					};
				};
			};
			buildConfigurationList = F9682FD7CB0C4DD5B7BFEA90 /* Build configuration list for PBXProject "BubbleTeaTycoon" */;
			compatibilityVersion = "Xcode 14.0";
			developmentRegion = en;
			hasScannedForEncodings = 0;
			knownRegions = (
				en,
				Base,
			);
			mainGroup = 0EA34924DCF04D94809E1892;
			productRefGroup = 7217D33B02454E78A6EBE995 /* Products */;
			projectDirPath = "";
			projectRoot = "";
			targets = (
				B53361C87E3F497091709A46 /* BubbleTeaTycoon */,
			);
		};
		210B9EE9E4AC41C98DFE6874 /* Resources */ = {
			isa = PBXResourcesBuildPhase;
			buildActionMask = 2147483647;
			files = (
				D0384EEA7BA743EBA57A83A5 /* Assets.xcassets in Resources */,
				2D7AEA688B5C47DE849E6CC5 /* Resources in Resources */,
			);
			runOnlyForDeploymentPostprocessing = 0;
		};
		48E52A77E76C4D86B12F905F /* Sources */ = {
			isa = PBXSourcesBuildPhase;
			buildActionMask = 2147483647;
			files = (
				BF2F5A2465A4487E99992AAD /* AppDelegate.swift in Sources */,
				EF47F1F0A9FA474FA164A48D /* ViewController.swift in Sources */,
			);
			runOnlyForDeploymentPostprocessing = 0;
		};
		1589A3B6E14F4F95AD536B95 /* Debug */ = {
			isa = XCBuildConfiguration;
			buildSettings = {
				ALWAYS_SEARCH_USER_PATHS = NO;
				CLANG_ANALYZER_NONNULL = YES;
				CLANG_ENABLE_MODULES = YES;
				CLANG_ENABLE_OBJC_ARC = YES;
				COPY_PHASE_STRIP = NO;
				DEBUG_INFORMATION_FORMAT = dwarf;
				ENABLE_STRICT_OBJC_MSGSEND = YES;
				ENABLE_TESTABILITY = YES;
				GCC_C_LANGUAGE_STANDARD = gnu17;
				GCC_DYNAMIC_NO_PIC = NO;
				GCC_NO_COMMON_BLOCKS = YES;
				GCC_OPTIMIZATION_LEVEL = 0;
				IPHONEOS_DEPLOYMENT_TARGET = 14.0;
				MTL_ENABLE_DEBUG_INFO = INCLUDE_SOURCE;
				MTL_FAST_MATH = YES;
				ONLY_ACTIVE_ARCH = YES;
				SDKROOT = iphoneos;
				SWIFT_ACTIVE_COMPILATION_CONDITIONS = DEBUG;
				SWIFT_OPTIMIZATION_LEVEL = "-Onone";
				SWIFT_VERSION = 5.0;
			};
			name = Debug;
		};
		E6DC1D3E654A42A69F9F768F /* Release */ = {
			isa = XCBuildConfiguration;
			buildSettings = {
				ALWAYS_SEARCH_USER_PATHS = NO;
				CLANG_ANALYZER_NONNULL = YES;
				CLANG_ENABLE_MODULES = YES;
				CLANG_ENABLE_OBJC_ARC = YES;
				COPY_PHASE_STRIP = NO;
				DEBUG_INFORMATION_FORMAT = "dwarf-with-dsym";
				ENABLE_NS_ASSERTIONS = NO;
				ENABLE_STRICT_OBJC_MSGSEND = YES;
				GCC_C_LANGUAGE_STANDARD = gnu17;
				GCC_NO_COMMON_BLOCKS = YES;
				IPHONEOS_DEPLOYMENT_TARGET = 14.0;
				MTL_ENABLE_DEBUG_INFO = NO;
				MTL_FAST_MATH = YES;
				SDKROOT = iphoneos;
				SWIFT_COMPILATION_MODE = wholemodule;
				SWIFT_OPTIMIZATION_LEVEL = "-O";
				SWIFT_VERSION = 5.0;
				VALIDATE_PRODUCT = YES;
			};
			name = Release;
		};
		BBFC1DA0B27D4CC5A8A0CB3F /* Debug */ = {
			isa = XCBuildConfiguration;
			buildSettings = {
			ASSETCATALOG_COMPILER_APPICON_NAME = AppIcon;
			ASSETCATALOG_COMPILER_GLOBAL_ACCENT_COLOR_NAME = AccentColor;
			CODE_SIGN_IDENTITY = "";
			CODE_SIGNING_ALLOWED = NO;
			CODE_SIGNING_REQUIRED = NO;
			CODE_SIGN_STYLE = Automatic;
			CURRENT_PROJECT_VERSION = 1;
			DEVELOPMENT_TEAM = "";
			GENERATE_INFOPLIST_FILE = NO;
			INFOPLIST_FILE = "BubbleTeaTycoon/Info.plist";
			INFOPLIST_KEY_UIApplicationSceneManifest_Generation = YES;
			INFOPLIST_KEY_UIApplicationSupportsIndirectInputEvents = YES;
			LD_RUNPATH_SEARCH_PATHS = (
				"$(inherited)",
				"@executable_path/Frameworks",
			);
			MARKETING_VERSION = 1.0.0;
			PRODUCT_BUNDLE_IDENTIFIER = "com.bubbleteatycoon.app";
			PRODUCT_NAME = "$(TARGET_NAME)";
			PROVISIONING_PROFILE_SPECIFIER = "";
			SWIFT_EMIT_LOC_STRINGS = YES;
			TARGETED_DEVICE_FAMILY = 1;
			};
			name = Debug;
		};
		A2945571456740EB85E47288 /* Release */ = {
			isa = XCBuildConfiguration;
			buildSettings = {
			ASSETCATALOG_COMPILER_APPICON_NAME = AppIcon;
			ASSETCATALOG_COMPILER_GLOBAL_ACCENT_COLOR_NAME = AccentColor;
			CODE_SIGN_IDENTITY = "";
			CODE_SIGNING_ALLOWED = NO;
			CODE_SIGNING_REQUIRED = NO;
			CODE_SIGN_STYLE = Automatic;
			CURRENT_PROJECT_VERSION = 1;
			DEVELOPMENT_TEAM = "";
			GENERATE_INFOPLIST_FILE = NO;
			INFOPLIST_FILE = "BubbleTeaTycoon/Info.plist";
			INFOPLIST_KEY_UIApplicationSceneManifest_Generation = YES;
			INFOPLIST_KEY_UIApplicationSupportsIndirectInputEvents = YES;
			LD_RUNPATH_SEARCH_PATHS = (
				"$(inherited)",
				"@executable_path/Frameworks",
			);
			MARKETING_VERSION = 1.0.0;
			PRODUCT_BUNDLE_IDENTIFIER = "com.bubbleteatycoon.app";
			PRODUCT_NAME = "$(TARGET_NAME)";
			PROVISIONING_PROFILE_SPECIFIER = "";
			SWIFT_EMIT_LOC_STRINGS = YES;
			TARGETED_DEVICE_FAMILY = 1;
			};
			name = Release;
		};
		F9682FD7CB0C4DD5B7BFEA90 /* Build configuration list for PBXProject "BubbleTeaTycoon" */ = {
			isa = XCConfigurationList;
			buildConfigurations = (
				1589A3B6E14F4F95AD536B95 /* Debug */,
				E6DC1D3E654A42A69F9F768F /* Release */,
			);
			defaultConfigurationIsVisible = 0;
			defaultConfigurationName = Release;
		};
		AC8D274D691A4815B1D57D6F /* Build configuration list for PBXNativeTarget "BubbleTeaTycoon" */ = {
			isa = XCConfigurationList;
			buildConfigurations = (
				BBFC1DA0B27D4CC5A8A0CB3F /* Debug */,
				A2945571456740EB85E47288 /* Release */,
			);
			defaultConfigurationIsVisible = 0;
			defaultConfigurationName = Release;
		};
	};
	rootObject = 6F651D07F2944185B9E6A03F /* Project object */;
}
